
Microsoft Visual Studio Solution File, Format Version 12.00
# Visual Studio 15
VisualStudioVersion = 15.0.26510.0
MinimumVisualStudioVersion = 10.0.40219.1
Project("{9A19103F-16F7-4668-BE54-9A1E7A4F7556}") = "ProjectCinderellaCore", "ProjectCinderellaCore\ProjectCinderellaCore.csproj", "{D32D855F-C940-4D89-AA66-CB9B3FA18535}"
EndProject
Global
	GlobalSection(SolutionConfigurationPlatforms) = preSolution
		Debug|Any CPU = Debug|Any CPU
		Release|Any CPU = Release|Any CPU
	EndGlobalSection
	GlobalSection(ProjectConfigurationPlatforms) = postSolution
		{D32D855F-C940-4D89-AA66-CB9B3FA18535}.Debug|Any CPU.ActiveCfg = Debug|Any CPU
		{D32D855F-C940-4D89-AA66-CB9B3FA18535}.Debug|Any CPU.Build.0 = Debug|Any CPU
		{D32D855F-C940-4D89-AA66-CB9B3FA18535}.Release|Any CPU.ActiveCfg = Release|Any CPU
		{D32D855F-C940-4D89-AA66-CB9B3FA18535}.Release|Any CPU.Build.0 = Release|Any CPU
	EndGlobalSection
	GlobalSection(SolutionProperties) = preSolution
		HideSolutionNode = FALSE
	EndGlobalSection
EndGlobal
